<?xml version="1.0" encoding="utf-8"?>
<Project ToolsVersion="4.0" xmlns="http://schemas.microsoft.com/developer/msbuild/2003">
  <ItemGroup>
    <Filter Include="Source Files">
      <UniqueIdentifier>{4FC737F1-C7A5-4376-A066-2A32D752A2FF}</UniqueIdentifier>
      <Extensions>cpp;c;cc;cxx;def;odl;idl;hpj;bat;asm;asmx</Extensions>
    </Filter>
    <Filter Include="Header Files">
      <UniqueIdentifier>{93995380-89BD-4b04-88EB-625FBE52EBFB}</UniqueIdentifier>
      <Extensions>h;hpp;hxx;hm;inl;inc;xsd</Extensions>
    </Filter>
    <Filter Include="Resource Files">
      <UniqueIdentifier>{67DA6AB6-F800-4c08-8B7A-83BB121AAD01}</UniqueIdentifier>
      <Extensions>rc;ico;cur;bmp;dlg;rc2;rct;bin;rgs;gif;jpg;jpeg;jpe;resx;tiff;tif;png;wav;mfcribbon-ms</Extensions>
    </Filter>
    <Filter Include="Header Files\Base">
      <UniqueIdentifier>{1b0d9f3e-93d6-4e79-9eec-4693af821dbf}</UniqueIdentifier>
    </Filter>
    <Filter Include="Source Files\Base">
      <UniqueIdentifier>{7acafe7b-65f5-4b3c-98b2-0cebdea1d5d0}</UniqueIdentifier>
    </Filter>
    <Filter Include="Header Files\Base\RapidXml">
      <UniqueIdentifier>{cd410bd9-5ae3-4bca-9c88-a249f9e8498f}</UniqueIdentifier>
    </Filter>
    <Filter Include="Header Files\Base\RectanglePacking">
      <UniqueIdentifier>{67717c5a-981c-40a2-b8e9-e25b4da8cfe0}</UniqueIdentifier>
    </Filter>
    <Filter Include="Source Files\Base\RectanglePacking">
      <UniqueIdentifier>{ca0322b7-da3d-4c7d-bc60-91b6ebabc339}</UniqueIdentifier>
    </Filter>
    <Filter Include="Header Files\Base\SpriteSheets">
      <UniqueIdentifier>{aee2214a-a013-495e-80b9-57f097d72a28}</UniqueIdentifier>
    </Filter>
    <Filter Include="Source Files\Base\SpriteSheets">
      <UniqueIdentifier>{dbe1eddf-2c93-4b97-9790-9308f347810a}</UniqueIdentifier>
    </Filter>
  </ItemGroup>
  <ItemGroup>
    <ClCompile Include="main.cpp">
      <Filter>Source Files</Filter>
    </ClCompile>
    <ClCompile Include="GazaFile.cpp">
      <Filter>Source Files\Base</Filter>
    </ClCompile>
    <ClCompile Include="GazaUtility.cpp">
      <Filter>Source Files\Base</Filter>
    </ClCompile>
    <ClCompile Include="GazaSprite.cpp">
      <Filter>Source Files\Base</Filter>
    </ClCompile>
    <ClCompile Include="CardSpriteSheetGenerator.cpp">
      <Filter>Source Files</Filter>
    </ClCompile>
    <ClCompile Include="GazaPacker.cpp">
      <Filter>Source Files\Base\RectanglePacking</Filter>
    </ClCompile>
    <ClCompile Include="GazaScottHandler.cpp">
      <Filter>Source Files\Base\RectanglePacking</Filter>
    </ClCompile>
    <ClCompile Include="GazaLogger.cpp">
      <Filter>Source Files\Base</Filter>
    </ClCompile>
    <ClCompile Include="GazaSpriteSheet.cpp">
      <Filter>Source Files\Base\SpriteSheets</Filter>
    </ClCompile>
    <ClCompile Include="GazaSpriteSheetGenerator.cpp">
      <Filter>Source Files\Base\SpriteSheets</Filter>
    </ClCompile>
    <ClCompile Include="GazaSpriteSheetCollection.cpp">
      <Filter>Source Files\Base\SpriteSheets</Filter>
    </ClCompile>
    <ClCompile Include="GazaApplication.cpp">
      <Filter>Source Files\Base</Filter>
    </ClCompile>
    <ClCompile Include="GazaStateManager.cpp">
      <Filter>Source Files\Base</Filter>
    </ClCompile>
    <ClCompile Include="GameState.cpp">
      <Filter>Source Files</Filter>
    </ClCompile>
    <ClCompile Include="GazaBaseState.cpp">
      <Filter>Source Files\Base</Filter>
    </ClCompile>
    <ClCompile Include="Application.cpp">
      <Filter>Source Files</Filter>
    </ClCompile>
    <ClCompile Include="Card.cpp">
      <Filter>Source Files</Filter>
    </ClCompile>
  </ItemGroup>
  <ItemGroup>
    <ClInclude Include="rapidxml.hpp">
      <Filter>Header Files\Base\RapidXml</Filter>
    </ClInclude>
    <ClInclude Include="rapidxml_utils.hpp">
      <Filter>Header Files\Base\RapidXml</Filter>
    </ClInclude>
    <ClInclude Include="rapidxml_iterators.hpp">
      <Filter>Header Files\Base\RapidXml</Filter>
    </ClInclude>
    <ClInclude Include="rapidxml_print.hpp">
      <Filter>Header Files\Base\RapidXml</Filter>
    </ClInclude>
    <ClInclude Include="Gaza.hpp">
      <Filter>Header Files\Base</Filter>
    </ClInclude>
    <ClInclude Include="GazaFile.hpp">
      <Filter>Header Files\Base</Filter>
    </ClInclude>
    <ClInclude Include="GazaImageManager.hpp">
      <Filter>Header Files\Base</Filter>
    </ClInclude>
    <ClInclude Include="GazaResourceManager.hpp">
      <Filter>Header Files\Base</Filter>
    </ClInclude>
    <ClInclude Include="GazaUtility.hpp">
      <Filter>Header Files\Base</Filter>
    </ClInclude>
    <ClInclude Include="CardSpriteSheetGenerator.hpp">
      <Filter>Header Files</Filter>
    </ClInclude>
    <ClInclude Include="GazaSprite.hpp">
      <Filter>Header Files\Base</Filter>
    </ClInclude>
    <ClInclude Include="GazaPacker.hpp">
      <Filter>Header Files\Base\RectanglePacking</Filter>
    </ClInclude>
    <ClInclude Include="GazaBaseHandler.hpp">
      <Filter>Header Files\Base\RectanglePacking</Filter>
    </ClInclude>
    <ClInclude Include="GazaScottHandler.hpp">
      <Filter>Header Files\Base\RectanglePacking</Filter>
    </ClInclude>
    <ClInclude Include="GazaLogger.hpp">
      <Filter>Header Files\Base</Filter>
    </ClInclude>
    <ClInclude Include="GazaApplication.hpp">
      <Filter>Header Files\Base</Filter>
    </ClInclude>
    <ClInclude Include="GazaSpriteSheet.hpp">
      <Filter>Header Files\Base\SpriteSheets</Filter>
    </ClInclude>
    <ClInclude Include="GazaSpriteSheetGenerator.hpp">
      <Filter>Header Files\Base\SpriteSheets</Filter>
    </ClInclude>
    <ClInclude Include="GazaSpriteSheetCollection.hpp">
      <Filter>Header Files\Base\SpriteSheets</Filter>
    </ClInclude>
    <ClInclude Include="GazaStateManager.hpp">
      <Filter>Header Files\Base</Filter>
    </ClInclude>
    <ClInclude Include="GazaBaseState.hpp">
      <Filter>Header Files\Base</Filter>
    </ClInclude>
    <ClInclude Include="Application.hpp">
      <Filter>Header Files</Filter>
    </ClInclude>
    <ClInclude Include="GameState.hpp">
      <Filter>Header Files</Filter>
    </ClInclude>
    <ClInclude Include="Common.hpp">
      <Filter>Header Files</Filter>
    </ClInclude>
    <ClInclude Include="GazaTypes.hpp">
      <Filter>Header Files\Base</Filter>
    </ClInclude>
    <ClInclude Include="Card.hpp">
      <Filter>Header Files</Filter>
    </ClInclude>
  </ItemGroup>
</Project>